
Microsoft Visual Studio Solution File, Format Version 12.00
# Visual Studio Version 17
VisualStudioVersion = 17.0.31919.166
MinimumVisualStudioVersion = 10.0.40219.1
Project("{8BC9CEB8-8B4A-11D0-8D11-00A0C91BC942}") = "Notepad32", "Notepad32\Notepad32.vcxproj", "{CD95AA8A-3919-408C-8F6E-4B837D63E6CB}"
EndProject
Global
	GlobalSection(SolutionConfigurationPlatforms) = preSolution
		Debug|x64 = Debug|x64
		Debug|x86 = Debug|x86
		Release|x64 = Release|x64
		Release|x86 = Release|x86
	EndGlobalSection
	GlobalSection(ProjectConfigurationPlatforms) = postSolution
		{CD95AA8A-3919-408C-8F6E-4B837D63E6CB}.Debug|x64.ActiveCfg = Debug|x64
		{CD95AA8A-3919-408C-8F6E-4B837D63E6CB}.Debug|x64.Build.0 = Debug|x64
		{CD95AA8A-3919-408C-8F6E-4B837D63E6CB}.Debug|x86.ActiveCfg = Debug|Win32
		{CD95AA8A-3919-408C-8F6E-4B837D63E6CB}.Debug|x86.Build.0 = Debug|Win32
		{CD95AA8A-3919-408C-8F6E-4B837D63E6CB}.Release|x64.ActiveCfg = Release|x64
		{CD95AA8A-3919-408C-8F6E-4B837D63E6CB}.Release|x64.Build.0 = Release|x64
		{CD95AA8A-3919-408C-8F6E-4B837D63E6CB}.Release|x86.ActiveCfg = Release|Win32
		{CD95AA8A-3919-408C-8F6E-4B837D63E6CB}.Release|x86.Build.0 = Release|Win32
	EndGlobalSection
	GlobalSection(SolutionProperties) = preSolution
		HideSolutionNode = FALSE
	EndGlobalSection
	GlobalSection(ExtensibilityGlobals) = postSolution
		SolutionGuid = {12D9F945-7141-4C2A-8058-F0324DF0D3A0}
	EndGlobalSection
EndGlobal
